// !$*UTF8*$!
{
	archiveVersion = 1;
	classes = {
	};
	objectVersion = 46;
	objects = {

/* Begin PBXBuildFile section */
		6545DF129A24C14387B33561 /* libPods-ghostChat.a in Frameworks */ = {isa = PBXBuildFile; fileRef = E4C0D21738A5414523291DC9 /* libPods-ghostChat.a */; };
		8D0AA7C41D2985BB00748788 /* LoginViewController.m in Sources */ = {isa = PBXBuildFile; fileRef = 8D0AA7C31D2985BB00748788 /* LoginViewController.m */; };
		8D0AA7C71D29872900748788 /* VerifySessionViewController.m in Sources */ = {isa = PBXBuildFile; fileRef = 8D0AA7C61D29872900748788 /* VerifySessionViewController.m */; };
		8D0AA7CA1D298AE200748788 /* HomeTableViewController.m in Sources */ = {isa = PBXBuildFile; fileRef = 8D0AA7C91D298AE200748788 /* HomeTableViewController.m */; };
		8D0AA7CD1D298AF400748788 /* CreateMessageViewController.m in Sources */ = {isa = PBXBuildFile; fileRef = 8D0AA7CC1D298AF400748788 /* CreateMessageViewController.m */; };
		8DC999FA1D1F034A004767EA /* main.m in Sources */ = {isa = PBXBuildFile; fileRef = 8DC999F91D1F034A004767EA /* main.m */; };
		8DC999FD1D1F034A004767EA /* AppDelegate.m in Sources */ = {isa = PBXBuildFile; fileRef = 8DC999FC1D1F034A004767EA /* AppDelegate.m */; };
		8DC99A031D1F034A004767EA /* Main.storyboard in Resources */ = {isa = PBXBuildFile; fileRef = 8DC99A011D1F034A004767EA /* Main.storyboard */; };
		8DC99A051D1F034A004767EA /* Assets.xcassets in Resources */ = {isa = PBXBuildFile; fileRef = 8DC99A041D1F034A004767EA /* Assets.xcassets */; };
		8DC99A081D1F034A004767EA /* LaunchScreen.storyboard in Resources */ = {isa = PBXBuildFile; fileRef = 8DC99A061D1F034A004767EA /* LaunchScreen.storyboard */; };
		8DC99A111D1F13AC004767EA /* SplashViewController.m in Sources */ = {isa = PBXBuildFile; fileRef = 8DC99A101D1F13AC004767EA /* SplashViewController.m */; };
		8DC99A141D1F182A004767EA /* SignUpViewController.m in Sources */ = {isa = PBXBuildFile; fileRef = 8DC99A131D1F182A004767EA /* SignUpViewController.m */; };
		8DC99A161D1F2C04004767EA /* GoogleService-Info.plist in Resources */ = {isa = PBXBuildFile; fileRef = 8DC99A151D1F2C04004767EA /* GoogleService-Info.plist */; };
/* End PBXBuildFile section */

/* Begin PBXFileReference section */
		5300E38E9D9A240265B175AB /* Pods-ghostChat.debug.xcconfig */ = {isa = PBXFileReference; includeInIndex = 1; lastKnownFileType = text.xcconfig; name = "Pods-ghostChat.debug.xcconfig"; path = "Pods/Target Support Files/Pods-ghostChat/Pods-ghostChat.debug.xcconfig"; sourceTree = "<group>"; };
		8D0AA7C21D2985BB00748788 /* LoginViewController.h */ = {isa = PBXFileReference; fileEncoding = 4; lastKnownFileType = sourcecode.c.h; path = LoginViewController.h; sourceTree = "<group>"; };
		8D0AA7C31D2985BB00748788 /* LoginViewController.m */ = {isa = PBXFileReference; fileEncoding = 4; lastKnownFileType = sourcecode.c.objc; path = LoginViewController.m; sourceTree = "<group>"; };
		8D0AA7C51D29872900748788 /* VerifySessionViewController.h */ = {isa = PBXFileReference; fileEncoding = 4; lastKnownFileType = sourcecode.c.h; path = VerifySessionViewController.h; sourceTree = "<group>"; };
		8D0AA7C61D29872900748788 /* VerifySessionViewController.m */ = {isa = PBXFileReference; fileEncoding = 4; lastKnownFileType = sourcecode.c.objc; path = VerifySessionViewController.m; sourceTree = "<group>"; };
		8D0AA7C81D298AE200748788 /* HomeTableViewController.h */ = {isa = PBXFileReference; fileEncoding = 4; lastKnownFileType = sourcecode.c.h; path = HomeTableViewController.h; sourceTree = "<group>"; };
		8D0AA7C91D298AE200748788 /* HomeTableViewController.m */ = {isa = PBXFileReference; fileEncoding = 4; lastKnownFileType = sourcecode.c.objc; path = HomeTableViewController.m; sourceTree = "<group>"; };
		8D0AA7CB1D298AF400748788 /* CreateMessageViewController.h */ = {isa = PBXFileReference; fileEncoding = 4; lastKnownFileType = sourcecode.c.h; path = CreateMessageViewController.h; sourceTree = "<group>"; };
		8D0AA7CC1D298AF400748788 /* CreateMessageViewController.m */ = {isa = PBXFileReference; fileEncoding = 4; lastKnownFileType = sourcecode.c.objc; path = CreateMessageViewController.m; sourceTree = "<group>"; };
		8DC999F51D1F034A004767EA /* ghostChat.app */ = {isa = PBXFileReference; explicitFileType = wrapper.application; includeInIndex = 0; path = ghostChat.app; sourceTree = BUILT_PRODUCTS_DIR; };
		8DC999F91D1F034A004767EA /* main.m */ = {isa = PBXFileReference; lastKnownFileType = sourcecode.c.objc; path = main.m; sourceTree = "<group>"; };
		8DC999FB1D1F034A004767EA /* AppDelegate.h */ = {isa = PBXFileReference; lastKnownFileType = sourcecode.c.h; path = AppDelegate.h; sourceTree = "<group>"; };
		8DC999FC1D1F034A004767EA /* AppDelegate.m */ = {isa = PBXFileReference; lastKnownFileType = sourcecode.c.objc; path = AppDelegate.m; sourceTree = "<group>"; };
		8DC99A021D1F034A004767EA /* Base */ = {isa = PBXFileReference; lastKnownFileType = file.storyboard; name = Base; path = Base.lproj/Main.storyboard; sourceTree = "<group>"; };
		8DC99A041D1F034A004767EA /* Assets.xcassets */ = {isa = PBXFileReference; lastKnownFileType = folder.assetcatalog; path = Assets.xcassets; sourceTree = "<group>"; };
		8DC99A071D1F034A004767EA /* Base */ = {isa = PBXFileReference; lastKnownFileType = file.storyboard; name = Base; path = Base.lproj/LaunchScreen.storyboard; sourceTree = "<group>"; };
		8DC99A091D1F034A004767EA /* Info.plist */ = {isa = PBXFileReference; lastKnownFileType = text.plist.xml; path = Info.plist; sourceTree = "<group>"; };
		8DC99A0F1D1F13AC004767EA /* SplashViewController.h */ = {isa = PBXFileReference; fileEncoding = 4; lastKnownFileType = sourcecode.c.h; path = SplashViewController.h; sourceTree = "<group>"; };
		8DC99A101D1F13AC004767EA /* SplashViewController.m */ = {isa = PBXFileReference; fileEncoding = 4; lastKnownFileType = sourcecode.c.objc; path = SplashViewController.m; sourceTree = "<group>"; };
		8DC99A121D1F182A004767EA /* SignUpViewController.h */ = {isa = PBXFileReference; fileEncoding = 4; lastKnownFileType = sourcecode.c.h; path = SignUpViewController.h; sourceTree = "<group>"; };
		8DC99A131D1F182A004767EA /* SignUpViewController.m */ = {isa = PBXFileReference; fileEncoding = 4; lastKnownFileType = sourcecode.c.objc; path = SignUpViewController.m; sourceTree = "<group>"; };
		8DC99A151D1F2C04004767EA /* GoogleService-Info.plist */ = {isa = PBXFileReference; fileEncoding = 4; lastKnownFileType = text.plist.xml; path = "GoogleService-Info.plist"; sourceTree = "<group>"; };
		906BFCAD5E018B4C5E6B86F7 /* Pods-ghostChat.release.xcconfig */ = {isa = PBXFileReference; includeInIndex = 1; lastKnownFileType = text.xcconfig; name = "Pods-ghostChat.release.xcconfig"; path = "Pods/Target Support Files/Pods-ghostChat/Pods-ghostChat.release.xcconfig"; sourceTree = "<group>"; };
		E4C0D21738A5414523291DC9 /* libPods-ghostChat.a */ = {isa = PBXFileReference; explicitFileType = archive.ar; includeInIndex = 0; path = "libPods-ghostChat.a"; sourceTree = BUILT_PRODUCTS_DIR; };
/* End PBXFileReference section */

/* Begin PBXFrameworksBuildPhase section */
		8DC999F21D1F034A004767EA /* Frameworks */ = {
			isa = PBXFrameworksBuildPhase;
			buildActionMask = 2147483647;
			files = (
				6545DF129A24C14387B33561 /* libPods-ghostChat.a in Frameworks */,
			);
			runOnlyForDeploymentPostprocessing = 0;
		};
/* End PBXFrameworksBuildPhase section */

/* Begin PBXGroup section */
		15AD57871A47336863179E39 /* Frameworks */ = {
			isa = PBXGroup;
			children = (
				E4C0D21738A5414523291DC9 /* libPods-ghostChat.a */,
			);
			name = Frameworks;
			sourceTree = "<group>";
		};
		8DC999EC1D1F034A004767EA = {
			isa = PBXGroup;
			children = (
				8DC999F71D1F034A004767EA /* ghostChat */,
				8DC999F61D1F034A004767EA /* Products */,
				94DAB2A513ED47A4A3BFAF57 /* Pods */,
				15AD57871A47336863179E39 /* Frameworks */,
			);
			sourceTree = "<group>";
		};
		8DC999F61D1F034A004767EA /* Products */ = {
			isa = PBXGroup;
			children = (
				8DC999F51D1F034A004767EA /* ghostChat.app */,
			);
			name = Products;
			sourceTree = "<group>";
		};
		8DC999F71D1F034A004767EA /* ghostChat */ = {
			isa = PBXGroup;
			children = (
				8DC999FB1D1F034A004767EA /* AppDelegate.h */,
				8DC999FC1D1F034A004767EA /* AppDelegate.m */,
				8DC99A011D1F034A004767EA /* Main.storyboard */,
				8DC99A041D1F034A004767EA /* Assets.xcassets */,
				8DC99A061D1F034A004767EA /* LaunchScreen.storyboard */,
				8DC99A0F1D1F13AC004767EA /* SplashViewController.h */,
				8DC99A101D1F13AC004767EA /* SplashViewController.m */,
				8DC999F81D1F034A004767EA /* Supporting Files */,
				8DC99A121D1F182A004767EA /* SignUpViewController.h */,
				8DC99A131D1F182A004767EA /* SignUpViewController.m */,
				8D0AA7C21D2985BB00748788 /* LoginViewController.h */,
				8D0AA7C31D2985BB00748788 /* LoginViewController.m */,
				8D0AA7C51D29872900748788 /* VerifySessionViewController.h */,
				8D0AA7C61D29872900748788 /* VerifySessionViewController.m */,
				8D0AA7C81D298AE200748788 /* HomeTableViewController.h */,
				8D0AA7C91D298AE200748788 /* HomeTableViewController.m */,
				8D0AA7CB1D298AF400748788 /* CreateMessageViewController.h */,
				8D0AA7CC1D298AF400748788 /* CreateMessageViewController.m */,
			);
			path = ghostChat;
			sourceTree = "<group>";
		};
		8DC999F81D1F034A004767EA /* Supporting Files */ = {
			isa = PBXGroup;
			children = (
				8DC99A151D1F2C04004767EA /* GoogleService-Info.plist */,
				8DC99A091D1F034A004767EA /* Info.plist */,
				8DC999F91D1F034A004767EA /* main.m */,
			);
			name = "Supporting Files";
			sourceTree = "<group>";
		};
		94DAB2A513ED47A4A3BFAF57 /* Pods */ = {
			isa = PBXGroup;
			children = (
				5300E38E9D9A240265B175AB /* Pods-ghostChat.debug.xcconfig */,
				906BFCAD5E018B4C5E6B86F7 /* Pods-ghostChat.release.xcconfig */,
			);
			name = Pods;
			sourceTree = "<group>";
		};
/* End PBXGroup section */

/* Begin PBXNativeTarget section */
		8DC999F41D1F034A004767EA /* ghostChat */ = {
			isa = PBXNativeTarget;
			buildConfigurationList = 8DC99A0C1D1F034A004767EA /* Build configuration list for PBXNativeTarget "ghostChat" */;
			buildPhases = (
				96C97F17D4AD6759E9322AD8 /* [CP] Check Pods Manifest.lock */,
				8DC999F11D1F034A004767EA /* Sources */,
				8DC999F21D1F034A004767EA /* Frameworks */,
				8DC999F31D1F034A004767EA /* Resources */,
				3EF8D85C81A229E55167EEFF /* [CP] Embed Pods Frameworks */,
				24FDA3FEE2DE3D1AAB385381 /* [CP] Copy Pods Resources */,
			);
			buildRules = (
			);
			dependencies = (
			);
			name = ghostChat;
			productName = ghostChat;
			productReference = 8DC999F51D1F034A004767EA /* ghostChat.app */;
			productType = "com.apple.product-type.application";
		};
/* End PBXNativeTarget section */

/* Begin PBXProject section */
		8DC999ED1D1F034A004767EA /* Project object */ = {
			isa = PBXProject;
			attributes = {
				LastUpgradeCheck = 0730;
				ORGANIZATIONNAME = SethMiller;
				TargetAttributes = {
					8DC999F41D1F034A004767EA = {
						CreatedOnToolsVersion = 7.3.1;
					};
				};
			};
			buildConfigurationList = 8DC999F01D1F034A004767EA /* Build configuration list for PBXProject "ghostChat" */;
			compatibilityVersion = "Xcode 3.2";
			developmentRegion = English;
			hasScannedForEncodings = 0;
			knownRegions = (
				en,
				Base,
			);
			mainGroup = 8DC999EC1D1F034A004767EA;
			productRefGroup = 8DC999F61D1F034A004767EA /* Products */;
			projectDirPath = "";
			projectRoot = "";
			targets = (
				8DC999F41D1F034A004767EA /* ghostChat */,
			);
		};
/* End PBXProject section */

/* Begin PBXResourcesBuildPhase section */
		8DC999F31D1F034A004767EA /* Resources */ = {
			isa = PBXResourcesBuildPhase;
			buildActionMask = 2147483647;
			files = (
				8DC99A081D1F034A004767EA /* LaunchScreen.storyboard in Resources */,
				8DC99A161D1F2C04004767EA /* GoogleService-Info.plist in Resources */,
				8DC99A051D1F034A004767EA /* Assets.xcassets in Resources */,
				8DC99A031D1F034A004767EA /* Main.storyboard in Resources */,
			);
			runOnlyForDeploymentPostprocessing = 0;
		};
/* End PBXResourcesBuildPhase section */

/* Begin PBXShellScriptBuildPhase section */
		24FDA3FEE2DE3D1AAB385381 /* [CP] Copy Pods Resources */ = {
			isa = PBXShellScriptBuildPhase;
			buildActionMask = 2147483647;
			files = (
			);
			inputPaths = (
			);
			name = "[CP] Copy Pods Resources";
			outputPaths = (
			);
			runOnlyForDeploymentPostprocessing = 0;
			shellPath = /bin/sh;
			shellScript = "\"${SRCROOT}/Pods/Target Support Files/Pods-ghostChat/Pods-ghostChat-resources.sh\"\n";
			showEnvVarsInLog = 0;
		};
		3EF8D85C81A229E55167EEFF /* [CP] Embed Pods Frameworks */ = {
			isa = PBXShellScriptBuildPhase;
			buildActionMask = 2147483647;
			files = (
			);
			inputPaths = (
			);
			name = "[CP] Embed Pods Frameworks";
			outputPaths = (
			);
			runOnlyForDeploymentPostprocessing = 0;
			shellPath = /bin/sh;
			shellScript = "\"${SRCROOT}/Pods/Target Support Files/Pods-ghostChat/Pods-ghostChat-frameworks.sh\"\n";
			showEnvVarsInLog = 0;
		};
		96C97F17D4AD6759E9322AD8 /* [CP] Check Pods Manifest.lock */ = {
			isa = PBXShellScriptBuildPhase;
			buildActionMask = 2147483647;
			files = (
			);
			inputPaths = (
			);
			name = "[CP] Check Pods Manifest.lock";
			outputPaths = (
			);
			runOnlyForDeploymentPostprocessing = 0;
			shellPath = /bin/sh;
			shellScript = "diff \"${PODS_ROOT}/../Podfile.lock\" \"${PODS_ROOT}/Manifest.lock\" > /dev/null\nif [[ $? != 0 ]] ; then\n    cat << EOM\nerror: The sandbox is not in sync with the Podfile.lock. Run 'pod install' or update your CocoaPods installation.\nEOM\n    exit 1\nfi\n";
			showEnvVarsInLog = 0;
		};
/* End PBXShellScriptBuildPhase section */

/* Begin PBXSourcesBuildPhase section */
		8DC999F11D1F034A004767EA /* Sources */ = {
			isa = PBXSourcesBuildPhase;
			buildActionMask = 2147483647;
			files = (
				8D0AA7CD1D298AF400748788 /* CreateMessageViewController.m in Sources */,
				8DC999FD1D1F034A004767EA /* AppDelegate.m in Sources */,
				8DC999FA1D1F034A004767EA /* main.m in Sources */,
				8D0AA7C71D29872900748788 /* VerifySessionViewController.m in Sources */,
				8D0AA7CA1D298AE200748788 /* HomeTableViewController.m in Sources */,
				8DC99A141D1F182A004767EA /* SignUpViewController.m in Sources */,
				8DC99A111D1F13AC004767EA /* SplashViewController.m in Sources */,
				8D0AA7C41D2985BB00748788 /* LoginViewController.m in Sources */,
			);
			runOnlyForDeploymentPostprocessing = 0;
		};
/* End PBXSourcesBuildPhase section */

/* Begin PBXVariantGroup section */
		8DC99A011D1F034A004767EA /* Main.storyboard */ = {
			isa = PBXVariantGroup;
			children = (
				8DC99A021D1F034A004767EA /* Base */,
			);
			name = Main.storyboard;
			sourceTree = "<group>";
		};
		8DC99A061D1F034A004767EA /* LaunchScreen.storyboard */ = {
			isa = PBXVariantGroup;
			children = (
				8DC99A071D1F034A004767EA /* Base */,
			);
			name = LaunchScreen.storyboard;
			sourceTree = "<group>";
		};
/* End PBXVariantGroup section */

/* Begin XCBuildConfiguration section */
		8DC99A0A1D1F034A004767EA /* Debug */ = {
			isa = XCBuildConfiguration;
			buildSettings = {
				ALWAYS_SEARCH_USER_PATHS = NO;
				CLANG_ANALYZER_NONNULL = YES;
				CLANG_CXX_LANGUAGE_STANDARD = "gnu++0x";
				CLANG_CXX_LIBRARY = "libc++";
				CLANG_ENABLE_MODULES = YES;
				CLANG_ENABLE_OBJC_ARC = YES;
				CLANG_WARN_BOOL_CONVERSION = YES;
				CLANG_WARN_CONSTANT_CONVERSION = YES;
				CLANG_WARN_DIRECT_OBJC_ISA_USAGE = YES_ERROR;
				CLANG_WARN_EMPTY_BODY = YES;
				CLANG_WARN_ENUM_CONVERSION = YES;
				CLANG_WARN_INT_CONVERSION = YES;
				CLANG_WARN_OBJC_ROOT_CLASS = YES_ERROR;
				CLANG_WARN_UNREACHABLE_CODE = YES;
				CLANG_WARN__DUPLICATE_METHOD_MATCH = YES;
				"CODE_SIGN_IDENTITY[sdk=iphoneos*]" = "iPhone Developer";
				COPY_PHASE_STRIP = NO;
				DEBUG_INFORMATION_FORMAT = dwarf;
				ENABLE_STRICT_OBJC_MSGSEND = YES;
				ENABLE_TESTABILITY = YES;
				GCC_C_LANGUAGE_STANDARD = gnu99;
				GCC_DYNAMIC_NO_PIC = NO;
				GCC_NO_COMMON_BLOCKS = YES;
				GCC_OPTIMIZATION_LEVEL = 0;
				GCC_PREPROCESSOR_DEFINITIONS = (
					"DEBUG=1",
					"$(inherited)",
				);
				GCC_WARN_64_TO_32_BIT_CONVERSION = YES;
				GCC_WARN_ABOUT_RETURN_TYPE = YES_ERROR;
				GCC_WARN_UNDECLARED_SELECTOR = YES;
				GCC_WARN_UNINITIALIZED_AUTOS = YES_AGGRESSIVE;
				GCC_WARN_UNUSED_FUNCTION = YES;
				GCC_WARN_UNUSED_VARIABLE = YES;
				IPHONEOS_DEPLOYMENT_TARGET = 9.3;
				MTL_ENABLE_DEBUG_INFO = YES;
				ONLY_ACTIVE_ARCH = YES;
				SDKROOT = iphoneos;
			};
			name = Debug;
		};
		8DC99A0B1D1F034A004767EA /* Release */ = {
			isa = XCBuildConfiguration;
			buildSettings = {
				ALWAYS_SEARCH_USER_PATHS = NO;
				CLANG_ANALYZER_NONNULL = YES;
				CLANG_CXX_LANGUAGE_STANDARD = "gnu++0x";
				CLANG_CXX_LIBRARY = "libc++";
				CLANG_ENABLE_MODULES = YES;
				CLANG_ENABLE_OBJC_ARC = YES;
				CLANG_WARN_BOOL_CONVERSION = YES;
				CLANG_WARN_CONSTANT_CONVERSION = YES;
				CLANG_WARN_DIRECT_OBJC_ISA_USAGE = YES_ERROR;
				CLANG_WARN_EMPTY_BODY = YES;
				CLANG_WARN_ENUM_CONVERSION = YES;
				CLANG_WARN_INT_CONVERSION = YES;
				CLANG_WARN_OBJC_ROOT_CLASS = YES_ERROR;
				CLANG_WARN_UNREACHABLE_CODE = YES;
				CLANG_WARN__DUPLICATE_METHOD_MATCH = YES;
				"CODE_SIGN_IDENTITY[sdk=iphoneos*]" = "iPhone Developer";
				COPY_PHASE_STRIP = NO;
				DEBUG_INFORMATION_FORMAT = "dwarf-with-dsym";
				ENABLE_NS_ASSERTIONS = NO;
				ENABLE_STRICT_OBJC_MSGSEND = YES;
				GCC_C_LANGUAGE_STANDARD = gnu99;
				GCC_NO_COMMON_BLOCKS = YES;
				GCC_WARN_64_TO_32_BIT_CONVERSION = YES;
				GCC_WARN_ABOUT_RETURN_TYPE = YES_ERROR;
				GCC_WARN_UNDECLARED_SELECTOR = YES;
				GCC_WARN_UNINITIALIZED_AUTOS = YES_AGGRESSIVE;
				GCC_WARN_UNUSED_FUNCTION = YES;
				GCC_WARN_UNUSED_VARIABLE = YES;
				IPHONEOS_DEPLOYMENT_TARGET = 9.3;
				MTL_ENABLE_DEBUG_INFO = NO;
				SDKROOT = iphoneos;
				VALIDATE_PRODUCT = YES;
			};
			name = Release;
		};
		8DC99A0D1D1F034A004767EA /* Debug */ = {
			isa = XCBuildConfiguration;
			baseConfigurationReference = 5300E38E9D9A240265B175AB /* Pods-ghostChat.debug.xcconfig */;
			buildSettings = {
				ASSETCATALOG_COMPILER_APPICON_NAME = AppIcon;
				INFOPLIST_FILE = ghostChat/Info.plist;
				LD_RUNPATH_SEARCH_PATHS = "$(inherited) @executable_path/Frameworks";
				PRODUCT_BUNDLE_IDENTIFIER = com.SethMiller.ghostChat;
				PRODUCT_NAME = "$(TARGET_NAME)";
			};
			name = Debug;
		};
		8DC99A0E1D1F034A004767EA /* Release */ = {
			isa = XCBuildConfiguration;
			baseConfigurationReference = 906BFCAD5E018B4C5E6B86F7 /* Pods-ghostChat.release.xcconfig */;
			buildSettings = {
				ASSETCATALOG_COMPILER_APPICON_NAME = AppIcon;
				INFOPLIST_FILE = ghostChat/Info.plist;
				LD_RUNPATH_SEARCH_PATHS = "$(inherited) @executable_path/Frameworks";
				PRODUCT_BUNDLE_IDENTIFIER = com.SethMiller.ghostChat;
				PRODUCT_NAME = "$(TARGET_NAME)";
			};
			name = Release;
		};
/* End XCBuildConfiguration section */

/* Begin XCConfigurationList section */
		8DC999F01D1F034A004767EA /* Build configuration list for PBXProject "ghostChat" */ = {
			isa = XCConfigurationList;
			buildConfigurations = (
				8DC99A0A1D1F034A004767EA /* Debug */,
				8DC99A0B1D1F034A004767EA /* Release */,
			);
			defaultConfigurationIsVisible = 0;
			defaultConfigurationName = Release;
		};
		8DC99A0C1D1F034A004767EA /* Build configuration list for PBXNativeTarget "ghostChat" */ = {
			isa = XCConfigurationList;
			buildConfigurations = (
				8DC99A0D1D1F034A004767EA /* Debug */,
				8DC99A0E1D1F034A004767EA /* Release */,
			);
			defaultConfigurationIsVisible = 0;
			defaultConfigurationName = Release;
		};
/* End XCConfigurationList section */
	};
	rootObject = 8DC999ED1D1F034A004767EA /* Project object */;
}
